
Microsoft Visual Studio Solution File, Format Version 12.00
# Visual Studio Version 17
VisualStudioVersion = 17.9.34607.119
MinimumVisualStudioVersion = 10.0.40219.1
Project("{9A19103F-16F7-4668-BE54-9A1E7A4F7556}") = "AccessibilityImprovementsWithAI", "AccessibilityImprovementsWithAI\AccessibilityImprovementsWithAI.csproj", "{BC3991A2-7224-49E5-AE3A-F99FAB7DD727}"
EndProject
Project("{9A19103F-16F7-4668-BE54-9A1E7A4F7556}") = "Accessibility Testing", "..\Accessibility Testing\Accessibility Testing\Accessibility Testing.csproj", "{DA64C2BF-25F9-498F-854E-CD2D9675A14A}"
EndProject
Global
	GlobalSection(SolutionConfigurationPlatforms) = preSolution
		Debug|Any CPU = Debug|Any CPU
		Release|Any CPU = Release|Any CPU
	EndGlobalSection
	GlobalSection(ProjectConfigurationPlatforms) = postSolution
		{BC3991A2-7224-49E5-AE3A-F99FAB7DD727}.Debug|Any CPU.ActiveCfg = Debug|Any CPU
		{BC3991A2-7224-49E5-AE3A-F99FAB7DD727}.Debug|Any CPU.Build.0 = Debug|Any CPU
		{BC3991A2-7224-49E5-AE3A-F99FAB7DD727}.Release|Any CPU.ActiveCfg = Release|Any CPU
		{BC3991A2-7224-49E5-AE3A-F99FAB7DD727}.Release|Any CPU.Build.0 = Release|Any CPU
		{DA64C2BF-25F9-498F-854E-CD2D9675A14A}.Debug|Any CPU.ActiveCfg = Debug|Any CPU
		{DA64C2BF-25F9-498F-854E-CD2D9675A14A}.Debug|Any CPU.Build.0 = Debug|Any CPU
		{DA64C2BF-25F9-498F-854E-CD2D9675A14A}.Release|Any CPU.ActiveCfg = Release|Any CPU
		{DA64C2BF-25F9-498F-854E-CD2D9675A14A}.Release|Any CPU.Build.0 = Release|Any CPU
	EndGlobalSection
	GlobalSection(SolutionProperties) = preSolution
		HideSolutionNode = FALSE
	EndGlobalSection
	GlobalSection(ExtensibilityGlobals) = postSolution
		SolutionGuid = {9881421F-CD59-4216-B1C4-D3C6C4907D94}
	EndGlobalSection
EndGlobal
